github.com/google/uuid v1.6.0 h1:NIvaJDMOsjHA8n1jAhLSgzrAzy1Hgr+hNrb57e+94F0=
github.com/google/uuid v1.6.0/go.mod h1:TIyPZe4MgqvfeYDBFedMoGGpEw/LqOeaOT+nhxU+yHo=
github.com/pootwaddle/dadjoke v0.0.19 h1:mNv+tlfx3r0SSzqj/zinKdKJTetzv/WZjm+mMd6vGj0=
github.com/pootwaddle/dadjoke v0.0.19/go.mod h1:ptEUe+3T4xyp39d1xNoOSJYp+JBkyw0NEBdUB0Bat9w=
github.com/pootwaddle/date v0.0.19 h1:JCp/JdCkLjZo+f6RS3Xl8Bj529HVrF8bH5HDkHtoefQ=
github.com/pootwaddle/date v0.0.19/go.mod h1:K4hgwrCRky6p9QhpocuSCo7Je3PrKDrg5ggPCQBZVXI=
github.com/pootwaddle/dayplus v0.0.14 h1:B3tB2XU0M2wuRoiG0n0M290MdVJVRasJ8icBVroXhCw=
github.com/pootwaddle/dayplus v0.0.14/go.mod h1:r+zcuvzcvr1EaPYG8xdl+y5+X0xTGIMZKeygC4Ly7gk=
github.com/pootwaddle/ljemail v0.0.24 h1:ASA2XevazYlxoLSXbb5ODMhdfwM5I2yGt86xGhZyhMc=
github.com/pootwaddle/ljemail v0.0.24/go.mod h1:jiHUVl/HuFbHiCjmxC8/yOKnIVczEiVoynGuQ5npm30=
github.com/pootwaddle/shift v0.0.13 h1:PII8LoRzx9c4hzTkyFrxu7eBvIymUJSDsjACRV23E6o=
github.com/pootwaddle/shift v0.0.13/go.mod h1:TP6/R3k5oV3sbGUPeCOG6OP0zE2vMBwVXhZAU8iv0VA=
github.com/pootwaddle/slogger v0.0.28 h1:e3jnJJq8RRnqbSL9W0iN3AktaodV63fYZUFi7AcDLAY=
github.com/pootwaddle/slogger v0.0.28/go.mod h1:lqVRQx59iRnSgs18ehqpZ3AF3Z3YA18N+rVC9RPVPpQ=
