github.com/google/uuid v1.6.0 h1:NIvaJDMOsjHA8n1jAhLSgzrAzy1Hgr+hNrb57e+94F0=
github.com/google/uuid v1.6.0/go.mod h1:TIyPZe4MgqvfeYDBFedMoGGpEw/LqOeaOT+nhxU+yHo=
github.com/pootwaddle/dadjoke v0.0.12 h1:d3Y0Zo+s6bawvyFZGFjZdoaRHJPhCu2wjO/7bRoGiwE=
github.com/pootwaddle/dadjoke v0.0.12/go.mod h1:bMHJL6xUbqIFSYOOOlO6iPmywl3NvIh//AipqT8+FG8=
github.com/pootwaddle/date v0.0.3 h1:MkHyFLmGbh0cqMpsbIiSUYtgO0Cs30KtinwmpjPkc+A=
github.com/pootwaddle/date v0.0.3/go.mod h1:YfjH9vDDJiXvcLXrZN2Zv5jfhs+I67kFIzRCKWy+k6E=
github.com/pootwaddle/dayplus v0.0.3 h1:B/AKE11YCHdiolSv7GYcVYg3gbyHwGdDOtI3PAyeiqg=
github.com/pootwaddle/dayplus v0.0.3/go.mod h1:qJTvTsOalquoYLRRWv4E+tKBPjy/qYGrynCZYElJmIs=
github.com/pootwaddle/ljemail v0.0.10 h1:xcy1DPkUJ04QLUTifibBlt/NFqRRuIbZwJblyw80P10=
github.com/pootwaddle/ljemail v0.0.10/go.mod h1:U+MLrA0PfS24+tlhlOG1M9O0C7I6TZQ+62MVaXoVttQ=
github.com/pootwaddle/shift v0.0.5 h1:NCSTyEWFZVdrtgz8sHPfd2LdMldsEUSCpPnhZWDW1mY=
github.com/pootwaddle/shift v0.0.5/go.mod h1:Sw8xKeEunQbBvdAg2HfAAR2/2eM23aTuN3YogL2olZg=
